
Microsoft Visual Studio Solution File, Format Version 12.00
# Visual Studio Version 16
VisualStudioVersion = 16.0.31515.178
MinimumVisualStudioVersion = 10.0.40219.1
Project("{9092AA53-FB77-4645-B42D-1CCCA6BD08BD}") = "JavaScriptDuckTypingExercise", "JavaScriptDuckTypingExercise\JavaScriptDuckTypingExercise.njsproj", "{2774D6C3-F083-4BBC-85BC-7647617AC144}"
EndProject
Global
	GlobalSection(SolutionConfigurationPlatforms) = preSolution
		Debug|Any CPU = Debug|Any CPU
		Release|Any CPU = Release|Any CPU
	EndGlobalSection
	GlobalSection(ProjectConfigurationPlatforms) = postSolution
		{2774D6C3-F083-4BBC-85BC-7647617AC144}.Debug|Any CPU.ActiveCfg = Debug|Any CPU
		{2774D6C3-F083-4BBC-85BC-7647617AC144}.Debug|Any CPU.Build.0 = Debug|Any CPU
		{2774D6C3-F083-4BBC-85BC-7647617AC144}.Release|Any CPU.ActiveCfg = Release|Any CPU
		{2774D6C3-F083-4BBC-85BC-7647617AC144}.Release|Any CPU.Build.0 = Release|Any CPU
	EndGlobalSection
	GlobalSection(SolutionProperties) = preSolution
		HideSolutionNode = FALSE
	EndGlobalSection
	GlobalSection(ExtensibilityGlobals) = postSolution
		SolutionGuid = {7EE8508D-D03F-4B5A-9397-2137E7DF40B7}
	EndGlobalSection
EndGlobal
